
Microsoft Visual Studio Solution File, Format Version 12.00
# Visual Studio Version 16
VisualStudioVersion = 16.0.29020.237
MinimumVisualStudioVersion = 10.0.40219.1
Project("{FAE04EC0-301F-11D3-BF4B-00C04F79EFBC}") = "05-Fiap.Web.AspNet", "05-Fiap.Web.AspNet\05-Fiap.Web.AspNet.csproj", "{199B9CE3-9B96-4C92-BCDE-4463D3D5553F}"
EndProject
Global
	GlobalSection(SolutionConfigurationPlatforms) = preSolution
		Debug|Any CPU = Debug|Any CPU
		Release|Any CPU = Release|Any CPU
	EndGlobalSection
	GlobalSection(ProjectConfigurationPlatforms) = postSolution
		{199B9CE3-9B96-4C92-BCDE-4463D3D5553F}.Debug|Any CPU.ActiveCfg = Debug|Any CPU
		{199B9CE3-9B96-4C92-BCDE-4463D3D5553F}.Debug|Any CPU.Build.0 = Debug|Any CPU
		{199B9CE3-9B96-4C92-BCDE-4463D3D5553F}.Release|Any CPU.ActiveCfg = Release|Any CPU
		{199B9CE3-9B96-4C92-BCDE-4463D3D5553F}.Release|Any CPU.Build.0 = Release|Any CPU
	EndGlobalSection
	GlobalSection(SolutionProperties) = preSolution
		HideSolutionNode = FALSE
	EndGlobalSection
	GlobalSection(ExtensibilityGlobals) = postSolution
		SolutionGuid = {87B8FF21-9172-45F5-8FAC-A836A2816557}
	EndGlobalSection
EndGlobal
